# Pinned Spyre RPM package names, one per line.
# Lines starting with # are ignored.
# Specify exact versions to pin (e.g. ibm-deeptools-1.2.3-1.el8).
# The cache key is derived from this file's hash. Changing any entry
# invalidates the GHA RPM cache and triggers a fresh download.
#
ibm-aiu-toolbox-e2e-2.0.0-0.main.28+28.47d9b916.77f8e365a851.47d9b91.el10
ibm-deeptools-2.0.0-0.master.2330+2330.80f18ba8.2c846e3432c2.80f18ba.el10
ibm-deeptools-devel-2.0.0-0.master.2330+2330.80f18ba8.2c846e3432c2.80f18ba.el10
ibm-flex-2.0.0-0.main.503+503.f6a895c4.4e4a4ecfc92e.f6a895c.el10
ibm-flex-devel-2.0.0-0.main.503+503.f6a895c4.4e4a4ecfc92e.f6a895c.el10
ibm-libaiupti-2.0.0-0.main.21+21.bd7054db.f37fc8159025.bd7054d.el10
ibm-senlib-core-2.0.0-0.main.1+253.6a51f6c_223.11e986c2a638.el10
ibm-senlib-dd2-2.0.0-0.main.1+253.6a51f6c_223.11e986c2a638.el10
ibm-senlib-headers-2.0.0-0.main.1+253.6a51f6c_223.11e986c2a638.el10
ibm-spyre-comms-1.0.0-0.main.128+128.1a90db71.f7c8e7e7429b.1a90db7.el10
ibm-spyre-comms-devel-1.0.0-0.main.128+128.1a90db71.f7c8e7e7429b.1a90db7.el10
