# Pinned Spyre RPM package names, one per line.
# Lines starting with # are ignored.
# Specify exact versions to pin (e.g. ibm-deeptools-1.2.3-1.el8).
# The cache key is derived from this file's hash. Changing any entry
# invalidates the GHA RPM cache and triggers a fresh download.
#
ibm-aiu-toolbox-e2e-2.0.0-0.main.28+28.47d9b916.96587a4d1a04.47d9b91.el10
ibm-deeptools-2.0.0-0.master.2324+2324.4cfac4ce.5f641617334a.4cfac4c.el10
ibm-deeptools-devel-2.0.0-0.master.2324+2324.4cfac4ce.5f641617334a.4cfac4c.el10
ibm-flex-2.0.0-0.main.498+498.28dba79d.9f9c30583b0c.28dba79.el10
ibm-flex-devel-2.0.0-0.main.498+498.28dba79d.9f9c30583b0c.28dba79.el10
ibm-libaiupti-2.0.0-0.main.21+21.bd7054db.84d8d54acbb2.bd7054d.el10
ibm-senlib-core-2.0.0-0.main.1+246.67a3f36_217.7941d468049c.el10
ibm-senlib-dd2-2.0.0-0.main.1+246.67a3f36_217.7941d468049c.el10
ibm-senlib-headers-2.0.0-0.main.1+246.67a3f36_217.7941d468049c.el10
ibm-spyre-comms-1.0.0-0.main.125+125.3b514af1.284b24d0d939.3b514af.el10
ibm-spyre-comms-devel-1.0.0-0.main.125+125.3b514af1.284b24d0d939.3b514af.el10
